// !$*UTF8*$!
{
	archiveVersion = 1;
	classes = {
	};
	objectVersion = 48;
	objects = {

/* Begin PBXBuildFile section */
		67A1EADB9F5CC37A3F0DF176 /* Pods_To_Do_App.framework in Frameworks */ = {isa = PBXBuildFile; fileRef = AC0E0F70316F0533F9F22205 /* Pods_To_Do_App.framework */; };
		8C6C5D2220712A7C00EBAC99 /* CategoryViewController.swift in Sources */ = {isa = PBXBuildFile; fileRef = 8C6C5D2120712A7C00EBAC99 /* CategoryViewController.swift */; };
		8C6C5D262072609400EBAC99 /* Item.swift in Sources */ = {isa = PBXBuildFile; fileRef = 8C6C5D252072609400EBAC99 /* Item.swift */; };
		8C6C5D282072609E00EBAC99 /* Category.swift in Sources */ = {isa = PBXBuildFile; fileRef = 8C6C5D272072609E00EBAC99 /* Category.swift */; };
		8CA21315206E93F9008A3293 /* AppDelegate.swift in Sources */ = {isa = PBXBuildFile; fileRef = 8CA21314206E93F9008A3293 /* AppDelegate.swift */; };
		8CA21317206E93F9008A3293 /* ToDoListVC.swift in Sources */ = {isa = PBXBuildFile; fileRef = 8CA21316206E93F9008A3293 /* ToDoListVC.swift */; };
		8CA2131A206E93F9008A3293 /* Main.storyboard in Resources */ = {isa = PBXBuildFile; fileRef = 8CA21318206E93F9008A3293 /* Main.storyboard */; };
		8CA2131C206E93F9008A3293 /* Assets.xcassets in Resources */ = {isa = PBXBuildFile; fileRef = 8CA2131B206E93F9008A3293 /* Assets.xcassets */; };
		8CA2131F206E93F9008A3293 /* LaunchScreen.storyboard in Resources */ = {isa = PBXBuildFile; fileRef = 8CA2131D206E93F9008A3293 /* LaunchScreen.storyboard */; };
/* End PBXBuildFile section */

/* Begin PBXFileReference section */
		123E0D1696643C99CA2E1FC8 /* Pods-To Do App.release.xcconfig */ = {isa = PBXFileReference; includeInIndex = 1; lastKnownFileType = text.xcconfig; name = "Pods-To Do App.release.xcconfig"; path = "Pods/Target Support Files/Pods-To Do App/Pods-To Do App.release.xcconfig"; sourceTree = "<group>"; };
		8C6C5D2120712A7C00EBAC99 /* CategoryViewController.swift */ = {isa = PBXFileReference; lastKnownFileType = sourcecode.swift; path = CategoryViewController.swift; sourceTree = "<group>"; };
		8C6C5D252072609400EBAC99 /* Item.swift */ = {isa = PBXFileReference; lastKnownFileType = sourcecode.swift; path = Item.swift; sourceTree = "<group>"; };
		8C6C5D272072609E00EBAC99 /* Category.swift */ = {isa = PBXFileReference; lastKnownFileType = sourcecode.swift; path = Category.swift; sourceTree = "<group>"; };
		8CA21311206E93F9008A3293 /* To Do App.app */ = {isa = PBXFileReference; explicitFileType = wrapper.application; includeInIndex = 0; path = "To Do App.app"; sourceTree = BUILT_PRODUCTS_DIR; };
		8CA21314206E93F9008A3293 /* AppDelegate.swift */ = {isa = PBXFileReference; lastKnownFileType = sourcecode.swift; path = AppDelegate.swift; sourceTree = "<group>"; };
		8CA21316206E93F9008A3293 /* ToDoListVC.swift */ = {isa = PBXFileReference; lastKnownFileType = sourcecode.swift; path = ToDoListVC.swift; sourceTree = "<group>"; };
		8CA21319206E93F9008A3293 /* Base */ = {isa = PBXFileReference; lastKnownFileType = file.storyboard; name = Base; path = Base.lproj/Main.storyboard; sourceTree = "<group>"; };
		8CA2131B206E93F9008A3293 /* Assets.xcassets */ = {isa = PBXFileReference; lastKnownFileType = folder.assetcatalog; path = Assets.xcassets; sourceTree = "<group>"; };
		8CA2131E206E93F9008A3293 /* Base */ = {isa = PBXFileReference; lastKnownFileType = file.storyboard; name = Base; path = Base.lproj/LaunchScreen.storyboard; sourceTree = "<group>"; };
		8CA21320206E93F9008A3293 /* Info.plist */ = {isa = PBXFileReference; lastKnownFileType = text.plist.xml; path = Info.plist; sourceTree = "<group>"; };
		A5DEF7C22CA9B174F5073B6D /* Pods-To Do App.debug.xcconfig */ = {isa = PBXFileReference; includeInIndex = 1; lastKnownFileType = text.xcconfig; name = "Pods-To Do App.debug.xcconfig"; path = "Pods/Target Support Files/Pods-To Do App/Pods-To Do App.debug.xcconfig"; sourceTree = "<group>"; };
		AC0E0F70316F0533F9F22205 /* Pods_To_Do_App.framework */ = {isa = PBXFileReference; explicitFileType = wrapper.framework; includeInIndex = 0; path = Pods_To_Do_App.framework; sourceTree = BUILT_PRODUCTS_DIR; };
/* End PBXFileReference section */

/* Begin PBXFrameworksBuildPhase section */
		8CA2130E206E93F9008A3293 /* Frameworks */ = {
			isa = PBXFrameworksBuildPhase;
			buildActionMask = 2147483647;
			files = (
				67A1EADB9F5CC37A3F0DF176 /* Pods_To_Do_App.framework in Frameworks */,
			);
			runOnlyForDeploymentPostprocessing = 0;
		};
/* End PBXFrameworksBuildPhase section */

/* Begin PBXGroup section */
		8CA21308206E93F9008A3293 = {
			isa = PBXGroup;
			children = (
				8CA21313206E93F9008A3293 /* To Do App */,
				8CA21312206E93F9008A3293 /* Products */,
				C8064F529222331E08B70765 /* Pods */,
				EC2718E865B66777E576B485 /* Frameworks */,
			);
			sourceTree = "<group>";
		};
		8CA21312206E93F9008A3293 /* Products */ = {
			isa = PBXGroup;
			children = (
				8CA21311206E93F9008A3293 /* To Do App.app */,
			);
			name = Products;
			sourceTree = "<group>";
		};
		8CA21313206E93F9008A3293 /* To Do App */ = {
			isa = PBXGroup;
			children = (
				8CA21320206E93F9008A3293 /* Info.plist */,
				8CA21314206E93F9008A3293 /* AppDelegate.swift */,
				8CC3F06C206FA1D3000F3884 /* Controller */,
				8CC3F06B206FA1CA000F3884 /* Model */,
				8CC3F06D206FA1DD000F3884 /* View */,
				8CC3F06E206FA1E7000F3884 /* Supporting Files */,
			);
			path = "To Do App";
			sourceTree = "<group>";
		};
		8CC3F06B206FA1CA000F3884 /* Model */ = {
			isa = PBXGroup;
			children = (
				8C6C5D272072609E00EBAC99 /* Category.swift */,
				8C6C5D252072609400EBAC99 /* Item.swift */,
			);
			path = Model;
			sourceTree = "<group>";
		};
		8CC3F06C206FA1D3000F3884 /* Controller */ = {
			isa = PBXGroup;
			children = (
				8C6C5D2120712A7C00EBAC99 /* CategoryViewController.swift */,
				8CA21316206E93F9008A3293 /* ToDoListVC.swift */,
			);
			path = Controller;
			sourceTree = "<group>";
		};
		8CC3F06D206FA1DD000F3884 /* View */ = {
			isa = PBXGroup;
			children = (
				8CA21318206E93F9008A3293 /* Main.storyboard */,
			);
			path = View;
			sourceTree = "<group>";
		};
		8CC3F06E206FA1E7000F3884 /* Supporting Files */ = {
			isa = PBXGroup;
			children = (
				8CA2131B206E93F9008A3293 /* Assets.xcassets */,
				8CA2131D206E93F9008A3293 /* LaunchScreen.storyboard */,
			);
			path = "Supporting Files";
			sourceTree = "<group>";
		};
		C8064F529222331E08B70765 /* Pods */ = {
			isa = PBXGroup;
			children = (
				A5DEF7C22CA9B174F5073B6D /* Pods-To Do App.debug.xcconfig */,
				123E0D1696643C99CA2E1FC8 /* Pods-To Do App.release.xcconfig */,
			);
			name = Pods;
			sourceTree = "<group>";
		};
		EC2718E865B66777E576B485 /* Frameworks */ = {
			isa = PBXGroup;
			children = (
				AC0E0F70316F0533F9F22205 /* Pods_To_Do_App.framework */,
			);
			name = Frameworks;
			sourceTree = "<group>";
		};
/* End PBXGroup section */

/* Begin PBXNativeTarget section */
		8CA21310206E93F9008A3293 /* To Do App */ = {
			isa = PBXNativeTarget;
			buildConfigurationList = 8CA21323206E93F9008A3293 /* Build configuration list for PBXNativeTarget "To Do App" */;
			buildPhases = (
				594F72C0BD3BBB20EF38E65F /* [CP] Check Pods Manifest.lock */,
				8CA2130D206E93F9008A3293 /* Sources */,
				8CA2130E206E93F9008A3293 /* Frameworks */,
				8CA2130F206E93F9008A3293 /* Resources */,
				102B859D54F11E928F247195 /* [CP] Embed Pods Frameworks */,
				6EF08F427933F5BF5476B5EC /* [CP] Copy Pods Resources */,
			);
			buildRules = (
			);
			dependencies = (
			);
			name = "To Do App";
			productName = "To Do App";
			productReference = 8CA21311206E93F9008A3293 /* To Do App.app */;
			productType = "com.apple.product-type.application";
		};
/* End PBXNativeTarget section */

/* Begin PBXProject section */
		8CA21309206E93F9008A3293 /* Project object */ = {
			isa = PBXProject;
			attributes = {
				LastSwiftUpdateCheck = 0920;
				LastUpgradeCheck = 0930;
				ORGANIZATIONNAME = "Ovi Cornea";
				TargetAttributes = {
					8CA21310206E93F9008A3293 = {
						CreatedOnToolsVersion = 9.2;
						ProvisioningStyle = Automatic;
					};
				};
			};
			buildConfigurationList = 8CA2130C206E93F9008A3293 /* Build configuration list for PBXProject "To Do App" */;
			compatibilityVersion = "Xcode 8.0";
			developmentRegion = en;
			hasScannedForEncodings = 0;
			knownRegions = (
				en,
				Base,
			);
			mainGroup = 8CA21308206E93F9008A3293;
			productRefGroup = 8CA21312206E93F9008A3293 /* Products */;
			projectDirPath = "";
			projectRoot = "";
			targets = (
				8CA21310206E93F9008A3293 /* To Do App */,
			);
		};
/* End PBXProject section */

/* Begin PBXResourcesBuildPhase section */
		8CA2130F206E93F9008A3293 /* Resources */ = {
			isa = PBXResourcesBuildPhase;
			buildActionMask = 2147483647;
			files = (
				8CA2131F206E93F9008A3293 /* LaunchScreen.storyboard in Resources */,
				8CA2131C206E93F9008A3293 /* Assets.xcassets in Resources */,
				8CA2131A206E93F9008A3293 /* Main.storyboard in Resources */,
			);
			runOnlyForDeploymentPostprocessing = 0;
		};
/* End PBXResourcesBuildPhase section */

/* Begin PBXShellScriptBuildPhase section */
		102B859D54F11E928F247195 /* [CP] Embed Pods Frameworks */ = {
			isa = PBXShellScriptBuildPhase;
			buildActionMask = 2147483647;
			files = (
			);
			inputPaths = (
				"${SRCROOT}/Pods/Target Support Files/Pods-To Do App/Pods-To Do App-frameworks.sh",
				"${BUILT_PRODUCTS_DIR}/Realm/Realm.framework",
				"${BUILT_PRODUCTS_DIR}/RealmSwift/RealmSwift.framework",
			);
			name = "[CP] Embed Pods Frameworks";
			outputPaths = (
				"${TARGET_BUILD_DIR}/${FRAMEWORKS_FOLDER_PATH}/Realm.framework",
				"${TARGET_BUILD_DIR}/${FRAMEWORKS_FOLDER_PATH}/RealmSwift.framework",
			);
			runOnlyForDeploymentPostprocessing = 0;
			shellPath = /bin/sh;
			shellScript = "\"${SRCROOT}/Pods/Target Support Files/Pods-To Do App/Pods-To Do App-frameworks.sh\"\n";
			showEnvVarsInLog = 0;
		};
		594F72C0BD3BBB20EF38E65F /* [CP] Check Pods Manifest.lock */ = {
			isa = PBXShellScriptBuildPhase;
			buildActionMask = 2147483647;
			files = (
			);
			inputPaths = (
				"${PODS_PODFILE_DIR_PATH}/Podfile.lock",
				"${PODS_ROOT}/Manifest.lock",
			);
			name = "[CP] Check Pods Manifest.lock";
			outputPaths = (
				"$(DERIVED_FILE_DIR)/Pods-To Do App-checkManifestLockResult.txt",
			);
			runOnlyForDeploymentPostprocessing = 0;
			shellPath = /bin/sh;
			shellScript = "diff \"${PODS_PODFILE_DIR_PATH}/Podfile.lock\" \"${PODS_ROOT}/Manifest.lock\" > /dev/null\nif [ $? != 0 ] ; then\n    # print error to STDERR\n    echo \"error: The sandbox is not in sync with the Podfile.lock. Run 'pod install' or update your CocoaPods installation.\" >&2\n    exit 1\nfi\n# This output is used by Xcode 'outputs' to avoid re-running this script phase.\necho \"SUCCESS\" > \"${SCRIPT_OUTPUT_FILE_0}\"\n";
			showEnvVarsInLog = 0;
		};
		6EF08F427933F5BF5476B5EC /* [CP] Copy Pods Resources */ = {
			isa = PBXShellScriptBuildPhase;
			buildActionMask = 2147483647;
			files = (
			);
			inputPaths = (
			);
			name = "[CP] Copy Pods Resources";
			outputPaths = (
			);
			runOnlyForDeploymentPostprocessing = 0;
			shellPath = /bin/sh;
			shellScript = "\"${SRCROOT}/Pods/Target Support Files/Pods-To Do App/Pods-To Do App-resources.sh\"\n";
			showEnvVarsInLog = 0;
		};
/* End PBXShellScriptBuildPhase section */

/* Begin PBXSourcesBuildPhase section */
		8CA2130D206E93F9008A3293 /* Sources */ = {
			isa = PBXSourcesBuildPhase;
			buildActionMask = 2147483647;
			files = (
				8C6C5D262072609400EBAC99 /* Item.swift in Sources */,
				8C6C5D2220712A7C00EBAC99 /* CategoryViewController.swift in Sources */,
				8CA21317206E93F9008A3293 /* ToDoListVC.swift in Sources */,
				8CA21315206E93F9008A3293 /* AppDelegate.swift in Sources */,
				8C6C5D282072609E00EBAC99 /* Category.swift in Sources */,
			);
			runOnlyForDeploymentPostprocessing = 0;
		};
/* End PBXSourcesBuildPhase section */

/* Begin PBXVariantGroup section */
		8CA21318206E93F9008A3293 /* Main.storyboard */ = {
			isa = PBXVariantGroup;
			children = (
				8CA21319206E93F9008A3293 /* Base */,
			);
			name = Main.storyboard;
			sourceTree = "<group>";
		};
		8CA2131D206E93F9008A3293 /* LaunchScreen.storyboard */ = {
			isa = PBXVariantGroup;
			children = (
				8CA2131E206E93F9008A3293 /* Base */,
			);
			name = LaunchScreen.storyboard;
			sourceTree = "<group>";
		};
/* End PBXVariantGroup section */

/* Begin XCBuildConfiguration section */
		8CA21321206E93F9008A3293 /* Debug */ = {
			isa = XCBuildConfiguration;
			buildSettings = {
				ALWAYS_SEARCH_USER_PATHS = NO;
				CLANG_ANALYZER_NONNULL = YES;
				CLANG_ANALYZER_NUMBER_OBJECT_CONVERSION = YES_AGGRESSIVE;
				CLANG_CXX_LANGUAGE_STANDARD = "gnu++14";
				CLANG_CXX_LIBRARY = "libc++";
				CLANG_ENABLE_MODULES = YES;
				CLANG_ENABLE_OBJC_ARC = YES;
				CLANG_WARN_BLOCK_CAPTURE_AUTORELEASING = YES;
				CLANG_WARN_BOOL_CONVERSION = YES;
				CLANG_WARN_COMMA = YES;
				CLANG_WARN_CONSTANT_CONVERSION = YES;
				CLANG_WARN_DEPRECATED_OBJC_IMPLEMENTATIONS = YES;
				CLANG_WARN_DIRECT_OBJC_ISA_USAGE = YES_ERROR;
				CLANG_WARN_DOCUMENTATION_COMMENTS = YES;
				CLANG_WARN_EMPTY_BODY = YES;
				CLANG_WARN_ENUM_CONVERSION = YES;
				CLANG_WARN_INFINITE_RECURSION = YES;
				CLANG_WARN_INT_CONVERSION = YES;
				CLANG_WARN_NON_LITERAL_NULL_CONVERSION = YES;
				CLANG_WARN_OBJC_IMPLICIT_RETAIN_SELF = YES;
				CLANG_WARN_OBJC_LITERAL_CONVERSION = YES;
				CLANG_WARN_OBJC_ROOT_CLASS = YES_ERROR;
				CLANG_WARN_RANGE_LOOP_ANALYSIS = YES;
				CLANG_WARN_STRICT_PROTOTYPES = YES;
				CLANG_WARN_SUSPICIOUS_MOVE = YES;
				CLANG_WARN_UNGUARDED_AVAILABILITY = YES_AGGRESSIVE;
				CLANG_WARN_UNREACHABLE_CODE = YES;
				CLANG_WARN__DUPLICATE_METHOD_MATCH = YES;
				CODE_SIGN_IDENTITY = "iPhone Developer";
				COPY_PHASE_STRIP = NO;
				DEBUG_INFORMATION_FORMAT = dwarf;
				ENABLE_STRICT_OBJC_MSGSEND = YES;
				ENABLE_TESTABILITY = YES;
				GCC_C_LANGUAGE_STANDARD = gnu11;
				GCC_DYNAMIC_NO_PIC = NO;
				GCC_NO_COMMON_BLOCKS = YES;
				GCC_OPTIMIZATION_LEVEL = 0;
				GCC_PREPROCESSOR_DEFINITIONS = (
					"DEBUG=1",
					"$(inherited)",
				);
				GCC_WARN_64_TO_32_BIT_CONVERSION = YES;
				GCC_WARN_ABOUT_RETURN_TYPE = YES_ERROR;
				GCC_WARN_UNDECLARED_SELECTOR = YES;
				GCC_WARN_UNINITIALIZED_AUTOS = YES_AGGRESSIVE;
				GCC_WARN_UNUSED_FUNCTION = YES;
				GCC_WARN_UNUSED_VARIABLE = YES;
				IPHONEOS_DEPLOYMENT_TARGET = 11.2;
				MTL_ENABLE_DEBUG_INFO = YES;
				ONLY_ACTIVE_ARCH = YES;
				SDKROOT = iphoneos;
				SWIFT_ACTIVE_COMPILATION_CONDITIONS = DEBUG;
				SWIFT_OPTIMIZATION_LEVEL = "-Onone";
			};
			name = Debug;
		};
		8CA21322206E93F9008A3293 /* Release */ = {
			isa = XCBuildConfiguration;
			buildSettings = {
				ALWAYS_SEARCH_USER_PATHS = NO;
				CLANG_ANALYZER_NONNULL = YES;
				CLANG_ANALYZER_NUMBER_OBJECT_CONVERSION = YES_AGGRESSIVE;
				CLANG_CXX_LANGUAGE_STANDARD = "gnu++14";
				CLANG_CXX_LIBRARY = "libc++";
				CLANG_ENABLE_MODULES = YES;
				CLANG_ENABLE_OBJC_ARC = YES;
				CLANG_WARN_BLOCK_CAPTURE_AUTORELEASING = YES;
				CLANG_WARN_BOOL_CONVERSION = YES;
				CLANG_WARN_COMMA = YES;
				CLANG_WARN_CONSTANT_CONVERSION = YES;
				CLANG_WARN_DEPRECATED_OBJC_IMPLEMENTATIONS = YES;
				CLANG_WARN_DIRECT_OBJC_ISA_USAGE = YES_ERROR;
				CLANG_WARN_DOCUMENTATION_COMMENTS = YES;
				CLANG_WARN_EMPTY_BODY = YES;
				CLANG_WARN_ENUM_CONVERSION = YES;
				CLANG_WARN_INFINITE_RECURSION = YES;
				CLANG_WARN_INT_CONVERSION = YES;
				CLANG_WARN_NON_LITERAL_NULL_CONVERSION = YES;
				CLANG_WARN_OBJC_IMPLICIT_RETAIN_SELF = YES;
				CLANG_WARN_OBJC_LITERAL_CONVERSION = YES;
				CLANG_WARN_OBJC_ROOT_CLASS = YES_ERROR;
				CLANG_WARN_RANGE_LOOP_ANALYSIS = YES;
				CLANG_WARN_STRICT_PROTOTYPES = YES;
				CLANG_WARN_SUSPICIOUS_MOVE = YES;
				CLANG_WARN_UNGUARDED_AVAILABILITY = YES_AGGRESSIVE;
				CLANG_WARN_UNREACHABLE_CODE = YES;
				CLANG_WARN__DUPLICATE_METHOD_MATCH = YES;
				CODE_SIGN_IDENTITY = "iPhone Developer";
				COPY_PHASE_STRIP = NO;
				DEBUG_INFORMATION_FORMAT = "dwarf-with-dsym";
				ENABLE_NS_ASSERTIONS = NO;
				ENABLE_STRICT_OBJC_MSGSEND = YES;
				GCC_C_LANGUAGE_STANDARD = gnu11;
				GCC_NO_COMMON_BLOCKS = YES;
				GCC_WARN_64_TO_32_BIT_CONVERSION = YES;
				GCC_WARN_ABOUT_RETURN_TYPE = YES_ERROR;
				GCC_WARN_UNDECLARED_SELECTOR = YES;
				GCC_WARN_UNINITIALIZED_AUTOS = YES_AGGRESSIVE;
				GCC_WARN_UNUSED_FUNCTION = YES;
				GCC_WARN_UNUSED_VARIABLE = YES;
				IPHONEOS_DEPLOYMENT_TARGET = 11.2;
				MTL_ENABLE_DEBUG_INFO = NO;
				SDKROOT = iphoneos;
				SWIFT_OPTIMIZATION_LEVEL = "-Owholemodule";
				VALIDATE_PRODUCT = YES;
			};
			name = Release;
		};
		8CA21324206E93F9008A3293 /* Debug */ = {
			isa = XCBuildConfiguration;
			baseConfigurationReference = A5DEF7C22CA9B174F5073B6D /* Pods-To Do App.debug.xcconfig */;
			buildSettings = {
				ASSETCATALOG_COMPILER_APPICON_NAME = AppIcon;
				CODE_SIGN_STYLE = Automatic;
				DEVELOPMENT_TEAM = 6V3HUAT7D4;
				INFOPLIST_FILE = "To Do App/Info.plist";
				LD_RUNPATH_SEARCH_PATHS = "$(inherited) @executable_path/Frameworks";
				PRODUCT_BUNDLE_IDENTIFIER = "com.mission2malawi.To-Do-App";
				PRODUCT_NAME = "$(TARGET_NAME)";
				SWIFT_VERSION = 4.0;
				TARGETED_DEVICE_FAMILY = 1;
			};
			name = Debug;
		};
		8CA21325206E93F9008A3293 /* Release */ = {
			isa = XCBuildConfiguration;
			baseConfigurationReference = 123E0D1696643C99CA2E1FC8 /* Pods-To Do App.release.xcconfig */;
			buildSettings = {
				ASSETCATALOG_COMPILER_APPICON_NAME = AppIcon;
				CODE_SIGN_STYLE = Automatic;
				DEVELOPMENT_TEAM = 6V3HUAT7D4;
				INFOPLIST_FILE = "To Do App/Info.plist";
				LD_RUNPATH_SEARCH_PATHS = "$(inherited) @executable_path/Frameworks";
				PRODUCT_BUNDLE_IDENTIFIER = "com.mission2malawi.To-Do-App";
				PRODUCT_NAME = "$(TARGET_NAME)";
				SWIFT_VERSION = 4.0;
				TARGETED_DEVICE_FAMILY = 1;
			};
			name = Release;
		};
/* End XCBuildConfiguration section */

/* Begin XCConfigurationList section */
		8CA2130C206E93F9008A3293 /* Build configuration list for PBXProject "To Do App" */ = {
			isa = XCConfigurationList;
			buildConfigurations = (
				8CA21321206E93F9008A3293 /* Debug */,
				8CA21322206E93F9008A3293 /* Release */,
			);
			defaultConfigurationIsVisible = 0;
			defaultConfigurationName = Release;
		};
		8CA21323206E93F9008A3293 /* Build configuration list for PBXNativeTarget "To Do App" */ = {
			isa = XCConfigurationList;
			buildConfigurations = (
				8CA21324206E93F9008A3293 /* Debug */,
				8CA21325206E93F9008A3293 /* Release */,
			);
			defaultConfigurationIsVisible = 0;
			defaultConfigurationName = Release;
		};
/* End XCConfigurationList section */
	};
	rootObject = 8CA21309206E93F9008A3293 /* Project object */;
}
